
Microsoft Visual Studio Solution File, Format Version 12.00
# Visual Studio 15
VisualStudioVersion = 15.0.27428.2015
MinimumVisualStudioVersion = 10.0.40219.1
Project("{9A19103F-16F7-4668-BE54-9A1E7A4F7556}") = "aspnet-core-docker-linux", "aspnet-core-docker-linux\aspnet-core-docker-linux.csproj", "{E69A7357-AD41-40A1-A97A-11C4612E2532}"
EndProject
Project("{E53339B2-1760-4266-BCC7-CA923CBCF16C}") = "docker-compose", "docker-compose.dcproj", "{D3225FD5-735D-483D-9AB5-4D68990C7D44}"
EndProject
Project("{2150E333-8FDC-42A3-9474-1A3956D46DE8}") = "kubectl", "kubectl", "{6A9C12B6-5742-46FA-9004-36EF7DBD39A0}"
	ProjectSection(SolutionItems) = preProject
		kube-deploy.yaml = kube-deploy.yaml
	EndProjectSection
EndProject
Global
	GlobalSection(SolutionConfigurationPlatforms) = preSolution
		Debug|Any CPU = Debug|Any CPU
		Release|Any CPU = Release|Any CPU
	EndGlobalSection
	GlobalSection(ProjectConfigurationPlatforms) = postSolution
		{E69A7357-AD41-40A1-A97A-11C4612E2532}.Debug|Any CPU.ActiveCfg = Debug|Any CPU
		{E69A7357-AD41-40A1-A97A-11C4612E2532}.Debug|Any CPU.Build.0 = Debug|Any CPU
		{E69A7357-AD41-40A1-A97A-11C4612E2532}.Release|Any CPU.ActiveCfg = Release|Any CPU
		{E69A7357-AD41-40A1-A97A-11C4612E2532}.Release|Any CPU.Build.0 = Release|Any CPU
		{D3225FD5-735D-483D-9AB5-4D68990C7D44}.Debug|Any CPU.ActiveCfg = Debug|Any CPU
		{D3225FD5-735D-483D-9AB5-4D68990C7D44}.Debug|Any CPU.Build.0 = Debug|Any CPU
		{D3225FD5-735D-483D-9AB5-4D68990C7D44}.Release|Any CPU.ActiveCfg = Release|Any CPU
		{D3225FD5-735D-483D-9AB5-4D68990C7D44}.Release|Any CPU.Build.0 = Release|Any CPU
	EndGlobalSection
	GlobalSection(SolutionProperties) = preSolution
		HideSolutionNode = FALSE
	EndGlobalSection
	GlobalSection(ExtensibilityGlobals) = postSolution
		SolutionGuid = {96958AD0-6E76-45A4-9971-CE2F8EDFF1C1}
	EndGlobalSection
EndGlobal
